
Microsoft Visual Studio Solution File, Format Version 12.00
# Visual Studio Version 17
VisualStudioVersion = 17.3.32825.248
MinimumVisualStudioVersion = 10.0.40219.1
Project("{FAE04EC0-301F-11D3-BF4B-00C04F79EFBC}") = "FNAEngine2D", "FNAEngine2D\FNAEngine2D.csproj", "{475F6E6D-9B4D-452F-85DE-1353F6AE721E}"
EndProject
Project("{FAE04EC0-301F-11D3-BF4B-00C04F79EFBC}") = "FNAEngine2D.Tests", "FNAEngine2D.Tests\FNAEngine2D.Tests.csproj", "{1131C2A9-6461-4518-B12A-BFB8CDBA38D6}"
EndProject
Project("{FAE04EC0-301F-11D3-BF4B-00C04F79EFBC}") = "FNAEngine2D.ColliderSample", "FNAEngine2D.ColliderSample\FNAEngine2D.ColliderSample.csproj", "{8FAD52FF-8AEB-4DD6-A0C2-E305E3177C96}"
EndProject
Project("{FAE04EC0-301F-11D3-BF4B-00C04F79EFBC}") = "FNAEngine2D.Space2DTreeTest", "FNAEngine2D.Space2DTreeTest\FNAEngine2D.Space2DTreeTest.csproj", "{C5E04170-6760-457F-B5FA-F91BBB6F9537}"
EndProject
Project("{FAE04EC0-301F-11D3-BF4B-00C04F79EFBC}") = "FNAEngine2D.Template", "FNAEngine2D.Template\FNAEngine2D.Template.csproj", "{3295C33C-6B2E-4238-8C14-4F5FDECDDBC2}"
EndProject
Project("{FAE04EC0-301F-11D3-BF4B-00C04F79EFBC}") = "FNAEngine2D.ParticuleTest", "FNAEngine2D.ParticuleTest\FNAEngine2D.ParticuleTest.csproj", "{1690F03B-B7EE-474D-B029-37516FE1A5FB}"
EndProject
Project("{FAE04EC0-301F-11D3-BF4B-00C04F79EFBC}") = "FNAEngine2D.TriangulationTest", "FNAEngine2D.TriangulationTest\FNAEngine2D.TriangulationTest.csproj", "{A8AB8FEC-91AE-44C1-AFEB-0255319BEDDF}"
EndProject
Global
	GlobalSection(SolutionConfigurationPlatforms) = preSolution
		Debug|Any CPU = Debug|Any CPU
		Release|Any CPU = Release|Any CPU
	EndGlobalSection
	GlobalSection(ProjectConfigurationPlatforms) = postSolution
		{475F6E6D-9B4D-452F-85DE-1353F6AE721E}.Debug|Any CPU.ActiveCfg = Debug|Any CPU
		{475F6E6D-9B4D-452F-85DE-1353F6AE721E}.Debug|Any CPU.Build.0 = Debug|Any CPU
		{475F6E6D-9B4D-452F-85DE-1353F6AE721E}.Release|Any CPU.ActiveCfg = Release|Any CPU
		{475F6E6D-9B4D-452F-85DE-1353F6AE721E}.Release|Any CPU.Build.0 = Release|Any CPU
		{1131C2A9-6461-4518-B12A-BFB8CDBA38D6}.Debug|Any CPU.ActiveCfg = Debug|Any CPU
		{1131C2A9-6461-4518-B12A-BFB8CDBA38D6}.Debug|Any CPU.Build.0 = Debug|Any CPU
		{1131C2A9-6461-4518-B12A-BFB8CDBA38D6}.Release|Any CPU.ActiveCfg = Release|Any CPU
		{1131C2A9-6461-4518-B12A-BFB8CDBA38D6}.Release|Any CPU.Build.0 = Release|Any CPU
		{8FAD52FF-8AEB-4DD6-A0C2-E305E3177C96}.Debug|Any CPU.ActiveCfg = Debug|Any CPU
		{8FAD52FF-8AEB-4DD6-A0C2-E305E3177C96}.Debug|Any CPU.Build.0 = Debug|Any CPU
		{8FAD52FF-8AEB-4DD6-A0C2-E305E3177C96}.Release|Any CPU.ActiveCfg = Release|Any CPU
		{8FAD52FF-8AEB-4DD6-A0C2-E305E3177C96}.Release|Any CPU.Build.0 = Release|Any CPU
		{C5E04170-6760-457F-B5FA-F91BBB6F9537}.Debug|Any CPU.ActiveCfg = Debug|Any CPU
		{C5E04170-6760-457F-B5FA-F91BBB6F9537}.Debug|Any CPU.Build.0 = Debug|Any CPU
		{C5E04170-6760-457F-B5FA-F91BBB6F9537}.Release|Any CPU.ActiveCfg = Release|Any CPU
		{C5E04170-6760-457F-B5FA-F91BBB6F9537}.Release|Any CPU.Build.0 = Release|Any CPU
		{3295C33C-6B2E-4238-8C14-4F5FDECDDBC2}.Debug|Any CPU.ActiveCfg = Debug|Any CPU
		{3295C33C-6B2E-4238-8C14-4F5FDECDDBC2}.Debug|Any CPU.Build.0 = Debug|Any CPU
		{3295C33C-6B2E-4238-8C14-4F5FDECDDBC2}.Release|Any CPU.ActiveCfg = Release|Any CPU
		{3295C33C-6B2E-4238-8C14-4F5FDECDDBC2}.Release|Any CPU.Build.0 = Release|Any CPU
		{1690F03B-B7EE-474D-B029-37516FE1A5FB}.Debug|Any CPU.ActiveCfg = Debug|Any CPU
		{1690F03B-B7EE-474D-B029-37516FE1A5FB}.Debug|Any CPU.Build.0 = Debug|Any CPU
		{1690F03B-B7EE-474D-B029-37516FE1A5FB}.Release|Any CPU.ActiveCfg = Release|Any CPU
		{1690F03B-B7EE-474D-B029-37516FE1A5FB}.Release|Any CPU.Build.0 = Release|Any CPU
		{A8AB8FEC-91AE-44C1-AFEB-0255319BEDDF}.Debug|Any CPU.ActiveCfg = Debug|Any CPU
		{A8AB8FEC-91AE-44C1-AFEB-0255319BEDDF}.Debug|Any CPU.Build.0 = Debug|Any CPU
		{A8AB8FEC-91AE-44C1-AFEB-0255319BEDDF}.Release|Any CPU.ActiveCfg = Release|Any CPU
		{A8AB8FEC-91AE-44C1-AFEB-0255319BEDDF}.Release|Any CPU.Build.0 = Release|Any CPU
	EndGlobalSection
	GlobalSection(SolutionProperties) = preSolution
		HideSolutionNode = FALSE
	EndGlobalSection
	GlobalSection(ExtensibilityGlobals) = postSolution
		SolutionGuid = {FA9B309A-CE08-4B4B-B8A3-2D4C2B6363B4}
	EndGlobalSection
EndGlobal
